Microsoft Visual Studio Solution File, Format Version 11.00
# Visual Studio 2008

Project("{E92CFC0C-B866-B021-BCFB-9D64E78F3C2D}") = "LMSC-281-Unity-Mecanim-Example-Scenes-Group-Triangle 2", "Assembly-CSharp.csproj", "{99157868-3BA4-38EE-1B84-B1EFF50EEF5A}"
EndProject
Global
	GlobalSection(SolutionConfigurationPlatforms) = preSolution
		Debug|Any CPU = Debug|Any CPU
		Release|Any CPU = Release|Any CPU
	EndGlobalSection
	GlobalSection(ProjectConfigurationPlatforms) = postSolution
		{99157868-3BA4-38EE-1B84-B1EFF50EEF5A}.Debug|Any CPU.ActiveCfg = Debug|Any CPU
		{99157868-3BA4-38EE-1B84-B1EFF50EEF5A}.Debug|Any CPU.Build.0 = Debug|Any CPU
		{99157868-3BA4-38EE-1B84-B1EFF50EEF5A}.Release|Any CPU.ActiveCfg = Release|Any CPU
		{99157868-3BA4-38EE-1B84-B1EFF50EEF5A}.Release|Any CPU.Build.0 = Release|Any CPU
	EndGlobalSection
	GlobalSection(SolutionProperties) = preSolution
		HideSolutionNode = FALSE
	EndGlobalSection
	GlobalSection(MonoDevelopProperties) = preSolution
		StartupItem = Assembly-CSharp.csproj
	EndGlobalSection
EndGlobal
